
Microsoft Visual Studio Solution File, Format Version 12.00
# Visual Studio Version 17
VisualStudioVersion = 17.6.33712.159
MinimumVisualStudioVersion = 10.0.40219.1
Project("{FAE04EC0-301F-11D3-BF4B-00C04F79EFBC}") = "operaciones", "operaciones.csproj", "{EF78E606-E5EB-4237-905C-A5F66188D22D}"
EndProject
Global
	GlobalSection(SolutionConfigurationPlatforms) = preSolution
		Debug|Any CPU = Debug|Any CPU
		Release|Any CPU = Release|Any CPU
	EndGlobalSection
	GlobalSection(ProjectConfigurationPlatforms) = postSolution
		{EF78E606-E5EB-4237-905C-A5F66188D22D}.Debug|Any CPU.ActiveCfg = Debug|Any CPU
		{EF78E606-E5EB-4237-905C-A5F66188D22D}.Debug|Any CPU.Build.0 = Debug|Any CPU
		{EF78E606-E5EB-4237-905C-A5F66188D22D}.Release|Any CPU.ActiveCfg = Release|Any CPU
		{EF78E606-E5EB-4237-905C-A5F66188D22D}.Release|Any CPU.Build.0 = Release|Any CPU
	EndGlobalSection
	GlobalSection(SolutionProperties) = preSolution
		HideSolutionNode = FALSE
	EndGlobalSection
	GlobalSection(ExtensibilityGlobals) = postSolution
		SolutionGuid = {2D9BC115-03EE-402C-BCF5-6482B0495194}
	EndGlobalSection
EndGlobal
