
Microsoft Visual Studio Solution File, Format Version 12.00
# Visual Studio Version 17
VisualStudioVersion = 17.6.33712.159
MinimumVisualStudioVersion = 10.0.40219.1
Project("{FAE04EC0-301F-11D3-BF4B-00C04F79EFBC}") = "figuras", "figuras.csproj", "{CBE4ECA4-F8EE-4D90-A8EF-5D1C3D78F8CD}"
EndProject
Global
	GlobalSection(SolutionConfigurationPlatforms) = preSolution
		Debug|Any CPU = Debug|Any CPU
		Release|Any CPU = Release|Any CPU
	EndGlobalSection
	GlobalSection(ProjectConfigurationPlatforms) = postSolution
		{CBE4ECA4-F8EE-4D90-A8EF-5D1C3D78F8CD}.Debug|Any CPU.ActiveCfg = Debug|Any CPU
		{CBE4ECA4-F8EE-4D90-A8EF-5D1C3D78F8CD}.Debug|Any CPU.Build.0 = Debug|Any CPU
		{CBE4ECA4-F8EE-4D90-A8EF-5D1C3D78F8CD}.Release|Any CPU.ActiveCfg = Release|Any CPU
		{CBE4ECA4-F8EE-4D90-A8EF-5D1C3D78F8CD}.Release|Any CPU.Build.0 = Release|Any CPU
	EndGlobalSection
	GlobalSection(SolutionProperties) = preSolution
		HideSolutionNode = FALSE
	EndGlobalSection
	GlobalSection(ExtensibilityGlobals) = postSolution
		SolutionGuid = {1E4E8CC7-D234-41AE-9924-99F2B3EA9797}
	EndGlobalSection
EndGlobal
